{
  "name": "server(prisma)",
  "lockfileVersion": 3,
  "requires": true,
  "packages": {
    "": {
      "dependencies": {
        "@prisma/client": "^6.0.0",
        "prisma": "^6.0.0"
      }
    },
    "node_modules/@prisma/client": {
      "version": "6.0.0",
      "resolved": "https://registry.npmjs.org/@prisma/client/-/client-6.0.0.tgz",
      "integrity": "sha512-tOBhG35ozqZ/5Y6B0TNOa6cwULUW8ijXqBXcgb12bfozqf6eGMyGs+jphywCsj6uojv5lAZZnxVSoLMVebIP+g==",
      "hasInstallScript": true,
      "license": "Apache-2.0",
      "engines": {
        "node": ">=18.18"
      },
      "peerDependencies": {
        "prisma": "*"
      },
      "peerDependenciesMeta": {
        "prisma": {
          "optional": true
        }
      }
    },
    "node_modules/@prisma/debug": {
      "version": "6.0.0",
      "resolved": "https://registry.npmjs.org/@prisma/debug/-/debug-6.0.0.tgz",
      "integrity": "sha512-eUjoNThlDXdyJ1iQ2d7U6aTVwm59EwvODb5zFVNJEokNoSiQmiYWNzZIwZyDmZ+j51j42/0iTaHIJ4/aZPKFRg==",
      "license": "Apache-2.0"
    },
    "node_modules/@prisma/engines": {
      "version": "6.0.0",
      "resolved": "https://registry.npmjs.org/@prisma/engines/-/engines-6.0.0.tgz",
      "integrity": "sha512-ZZCVP3q22ifN6Ex6C8RIcTDBlRtMJS2H1ljV0knCiWNGArvvkEbE88W3uDdq/l4+UvyvHpGzdf9ZsCWSQR7ZQQ==",
      "hasInstallScript": true,
      "license": "Apache-2.0",
      "dependencies": {
        "@prisma/debug": "6.0.0",
        "@prisma/engines-version": "5.23.0-27.5dbef10bdbfb579e07d35cc85fb1518d357cb99e",
        "@prisma/fetch-engine": "6.0.0",
        "@prisma/get-platform": "6.0.0"
      }
    },
    "node_modules/@prisma/engines-version": {
      "version": "5.23.0-27.5dbef10bdbfb579e07d35cc85fb1518d357cb99e",
      "resolved": "https://registry.npmjs.org/@prisma/engines-version/-/engines-version-5.23.0-27.5dbef10bdbfb579e07d35cc85fb1518d357cb99e.tgz",
      "integrity": "sha512-JmIds0Q2/vsOmnuTJYxY4LE+sajqjYKhLtdOT6y4imojqv5d/aeVEfbBGC74t8Be1uSp0OP8lxIj2OqoKbLsfQ==",
      "license": "Apache-2.0"
    },
    "node_modules/@prisma/fetch-engine": {
      "version": "6.0.0",
      "resolved": "https://registry.npmjs.org/@prisma/fetch-engine/-/fetch-engine-6.0.0.tgz",
      "integrity": "sha512-j2m+iO5RDPRI7SUc7sHo8wX7SA4iTkJ+18Sxch8KinQM46YiCQD1iXKN6qU79C1Fliw5Bw/qDyTHaTsa3JMerA==",
      "license": "Apache-2.0",
      "dependencies": {
        "@prisma/debug": "6.0.0",
        "@prisma/engines-version": "5.23.0-27.5dbef10bdbfb579e07d35cc85fb1518d357cb99e",
        "@prisma/get-platform": "6.0.0"
      }
    },
    "node_modules/@prisma/get-platform": {
      "version": "6.0.0",
      "resolved": "https://registry.npmjs.org/@prisma/get-platform/-/get-platform-6.0.0.tgz",
      "integrity": "sha512-PS6nYyIm9g8C03E4y7LknOfdCw/t2KyEJxntMPQHQZCOUgOpF82Ma60mdlOD08w90I3fjLiZZ0+MadenR3naDQ==",
      "license": "Apache-2.0",
      "dependencies": {
        "@prisma/debug": "6.0.0"
      }
    },
    "node_modules/fsevents": {
      "version": "2.3.3",
      "resolved": "https://registry.npmjs.org/fsevents/-/fsevents-2.3.3.tgz",
      "integrity": "sha512-5xoDfX+fL7faATnagmWPpbFtwh/R77WmMMqqHGS65C3vvB0YHrgF+B1YmZ3441tMj5n63k0212XNoJwzlhffQw==",
      "hasInstallScript": true,
      "license": "MIT",
      "optional": true,
      "os": [
        "darwin"
      ],
      "engines": {
        "node": "^8.16.0 || ^10.6.0 || >=11.0.0"
      }
    },
    "node_modules/prisma": {
      "version": "6.0.0",
      "resolved": "https://registry.npmjs.org/prisma/-/prisma-6.0.0.tgz",
      "integrity": "sha512-RX7KtbW7IoEByf7MR32JK1PkVYLVYFqeODTtiIX3cqekq1aKdsF3Eud4zp2sUShMLjvdb5Jow0LbUjRq5LVxPw==",
      "hasInstallScript": true,
      "license": "Apache-2.0",
      "dependencies": {
        "@prisma/engines": "6.0.0"
      },
      "bin": {
        "prisma": "build/index.js"
      },
      "engines": {
        "node": ">=18.18"
      },
      "optionalDependencies": {
        "fsevents": "2.3.3"
      }
    }
  }
}
